{
  "name": "hsk-simp-to-trad",
  "version": "1.0.0",
  "lockfileVersion": 2,
  "requires": true,
  "packages": {
    "": {
      "name": "hsk-simp-to-trad",
      "version": "1.0.0",
      "license": "ISC",
      "dependencies": {
        "zhconvertor": "^2.2.4"
      }
    },
    "node_modules/zhconvertor": {
      "version": "2.2.4",
      "resolved": "https://registry.npmjs.org/zhconvertor/-/zhconvertor-2.2.4.tgz",
      "integrity": "sha512-DWeKuhavs4FeicXB3KYBd3oOHkM1iM+XV0k9AjoJm5V5JN2i3f196aWsqbdbP93L2dHUOYOLSHL6DljJ86hEgg=="
    }
  },
  "dependencies": {
    "zhconvertor": {
      "version": "2.2.4",
      "resolved": "https://registry.npmjs.org/zhconvertor/-/zhconvertor-2.2.4.tgz",
      "integrity": "sha512-DWeKuhavs4FeicXB3KYBd3oOHkM1iM+XV0k9AjoJm5V5JN2i3f196aWsqbdbP93L2dHUOYOLSHL6DljJ86hEgg=="
    }
  }
}
